
Microsoft Visual Studio Solution File, Format Version 12.00
# Visual Studio Version 17
VisualStudioVersion = 17.7.34202.233
MinimumVisualStudioVersion = 10.0.40219.1
Project("{FAE04EC0-301F-11D3-BF4B-00C04F79EFBC}") = "Simulateur de topologie", "Simulateur de topologie\Simulateur de topologie.csproj", "{6954091E-0424-4AAC-8A22-6357ED065169}"
EndProject
Global
	GlobalSection(SolutionConfigurationPlatforms) = preSolution
		Debug|Any CPU = Debug|Any CPU
		Release|Any CPU = Release|Any CPU
	EndGlobalSection
	GlobalSection(ProjectConfigurationPlatforms) = postSolution
		{6954091E-0424-4AAC-8A22-6357ED065169}.Debug|Any CPU.ActiveCfg = Debug|Any CPU
		{6954091E-0424-4AAC-8A22-6357ED065169}.Debug|Any CPU.Build.0 = Debug|Any CPU
		{6954091E-0424-4AAC-8A22-6357ED065169}.Release|Any CPU.ActiveCfg = Release|Any CPU
		{6954091E-0424-4AAC-8A22-6357ED065169}.Release|Any CPU.Build.0 = Release|Any CPU
	EndGlobalSection
	GlobalSection(SolutionProperties) = preSolution
		HideSolutionNode = FALSE
	EndGlobalSection
	GlobalSection(ExtensibilityGlobals) = postSolution
		SolutionGuid = {7E738804-3EC3-4118-A635-4E63B4F67D2E}
	EndGlobalSection
EndGlobal
